
Microsoft Visual Studio Solution File, Format Version 12.00
# Visual Studio 15
VisualStudioVersion = 15.0.28010.2036
MinimumVisualStudioVersion = 10.0.40219.1
Project("{FAE04EC0-301F-11D3-BF4B-00C04F79EFBC}") = "Thomas Gaming Club", "Thomas Gaming Club\Thomas Gaming Club.csproj", "{99CB9BE2-A3AD-4A4F-87CD-436030C8A963}"
EndProject
Global
	GlobalSection(SolutionConfigurationPlatforms) = preSolution
		Debug|Any CPU = Debug|Any CPU
		Release|Any CPU = Release|Any CPU
	EndGlobalSection
	GlobalSection(ProjectConfigurationPlatforms) = postSolution
		{99CB9BE2-A3AD-4A4F-87CD-436030C8A963}.Debug|Any CPU.ActiveCfg = Debug|Any CPU
		{99CB9BE2-A3AD-4A4F-87CD-436030C8A963}.Debug|Any CPU.Build.0 = Debug|Any CPU
		{99CB9BE2-A3AD-4A4F-87CD-436030C8A963}.Release|Any CPU.ActiveCfg = Release|Any CPU
		{99CB9BE2-A3AD-4A4F-87CD-436030C8A963}.Release|Any CPU.Build.0 = Release|Any CPU
	EndGlobalSection
	GlobalSection(SolutionProperties) = preSolution
		HideSolutionNode = FALSE
	EndGlobalSection
	GlobalSection(ExtensibilityGlobals) = postSolution
		SolutionGuid = {A0431D3E-6937-469A-B5AE-59D45A973CC6}
	EndGlobalSection
EndGlobal
